
Microsoft Visual Studio Solution File, Format Version 12.00
# Visual Studio 15
VisualStudioVersion = 15.0.26730.16
MinimumVisualStudioVersion = 10.0.40219.1
Project("{9A19103F-16F7-4668-BE54-9A1E7A4F7556}") = "RestWithASPNETUdemy", "RestWithASPNETUdemy\RestWithASPNETUdemy.csproj", "{C6AB9C91-8E29-41D9-855B-06E799FA7D5A}"
EndProject
Global
	GlobalSection(SolutionConfigurationPlatforms) = preSolution
		Debug|Any CPU = Debug|Any CPU
		Release|Any CPU = Release|Any CPU
	EndGlobalSection
	GlobalSection(ProjectConfigurationPlatforms) = postSolution
		{C6AB9C91-8E29-41D9-855B-06E799FA7D5A}.Debug|Any CPU.ActiveCfg = Debug|Any CPU
		{C6AB9C91-8E29-41D9-855B-06E799FA7D5A}.Debug|Any CPU.Build.0 = Debug|Any CPU
		{C6AB9C91-8E29-41D9-855B-06E799FA7D5A}.Release|Any CPU.ActiveCfg = Release|Any CPU
		{C6AB9C91-8E29-41D9-855B-06E799FA7D5A}.Release|Any CPU.Build.0 = Release|Any CPU
	EndGlobalSection
	GlobalSection(SolutionProperties) = preSolution
		HideSolutionNode = FALSE
	EndGlobalSection
	GlobalSection(ExtensibilityGlobals) = postSolution
		SolutionGuid = {3083AC86-3471-482A-8352-24FE6E5536FC}
	EndGlobalSection
EndGlobal
