
Microsoft Visual Studio Solution File, Format Version 12.00
# Visual Studio Version 17
VisualStudioVersion = 17.8.34309.116
MinimumVisualStudioVersion = 10.0.40219.1
Project("{FAE04EC0-301F-11D3-BF4B-00C04F79EFBC}") = "RestWithASPNETErudio", "RestWithASPNETErudio\RestWithASPNETErudio.csproj", "{64702473-478C-4F5A-BCAF-D80B4D234CB0}"
EndProject
Global
	GlobalSection(SolutionConfigurationPlatforms) = preSolution
		Debug|Any CPU = Debug|Any CPU
		Release|Any CPU = Release|Any CPU
	EndGlobalSection
	GlobalSection(ProjectConfigurationPlatforms) = postSolution
		{64702473-478C-4F5A-BCAF-D80B4D234CB0}.Debug|Any CPU.ActiveCfg = Debug|Any CPU
		{64702473-478C-4F5A-BCAF-D80B4D234CB0}.Debug|Any CPU.Build.0 = Debug|Any CPU
		{64702473-478C-4F5A-BCAF-D80B4D234CB0}.Release|Any CPU.ActiveCfg = Release|Any CPU
		{64702473-478C-4F5A-BCAF-D80B4D234CB0}.Release|Any CPU.Build.0 = Release|Any CPU
	EndGlobalSection
	GlobalSection(SolutionProperties) = preSolution
		HideSolutionNode = FALSE
	EndGlobalSection
	GlobalSection(ExtensibilityGlobals) = postSolution
		SolutionGuid = {717AAFB9-33C8-4170-96ED-679E03857B21}
	EndGlobalSection
EndGlobal
